
Microsoft Visual Studio Solution File, Format Version 12.00
# Visual Studio Version 16
VisualStudioVersion = 16.0.30114.105
MinimumVisualStudioVersion = 10.0.40219.1
Project("{FAE04EC0-301F-11D3-BF4B-00C04F79EFBC}") = "Domain", "Domain\Domain.csproj", "{BF7D2681-71B4-47B0-A90D-D85DF0BCC5DB}"
EndProject
Project("{FAE04EC0-301F-11D3-BF4B-00C04F79EFBC}") = "Application", "Application\Application.csproj", "{942E127D-CF01-4047-A7EA-A3CE144B12C9}"
EndProject
Project("{FAE04EC0-301F-11D3-BF4B-00C04F79EFBC}") = "Persistence", "Persistence\Persistence.csproj", "{248C1D7B-BEDA-4508-B793-D25419EEBD7D}"
EndProject
Project("{FAE04EC0-301F-11D3-BF4B-00C04F79EFBC}") = "API", "API\API.csproj", "{08149B02-3D77-470D-865A-E947ABAAE8C7}"
EndProject
Global
	GlobalSection(SolutionConfigurationPlatforms) = preSolution
		Debug|Any CPU = Debug|Any CPU
		Release|Any CPU = Release|Any CPU
	EndGlobalSection
	GlobalSection(SolutionProperties) = preSolution
		HideSolutionNode = FALSE
	EndGlobalSection
	GlobalSection(ProjectConfigurationPlatforms) = postSolution
		{BF7D2681-71B4-47B0-A90D-D85DF0BCC5DB}.Debug|Any CPU.ActiveCfg = Debug|Any CPU
		{BF7D2681-71B4-47B0-A90D-D85DF0BCC5DB}.Debug|Any CPU.Build.0 = Debug|Any CPU
		{BF7D2681-71B4-47B0-A90D-D85DF0BCC5DB}.Release|Any CPU.ActiveCfg = Release|Any CPU
		{BF7D2681-71B4-47B0-A90D-D85DF0BCC5DB}.Release|Any CPU.Build.0 = Release|Any CPU
		{942E127D-CF01-4047-A7EA-A3CE144B12C9}.Debug|Any CPU.ActiveCfg = Debug|Any CPU
		{942E127D-CF01-4047-A7EA-A3CE144B12C9}.Debug|Any CPU.Build.0 = Debug|Any CPU
		{942E127D-CF01-4047-A7EA-A3CE144B12C9}.Release|Any CPU.ActiveCfg = Release|Any CPU
		{942E127D-CF01-4047-A7EA-A3CE144B12C9}.Release|Any CPU.Build.0 = Release|Any CPU
		{248C1D7B-BEDA-4508-B793-D25419EEBD7D}.Debug|Any CPU.ActiveCfg = Debug|Any CPU
		{248C1D7B-BEDA-4508-B793-D25419EEBD7D}.Debug|Any CPU.Build.0 = Debug|Any CPU
		{248C1D7B-BEDA-4508-B793-D25419EEBD7D}.Release|Any CPU.ActiveCfg = Release|Any CPU
		{248C1D7B-BEDA-4508-B793-D25419EEBD7D}.Release|Any CPU.Build.0 = Release|Any CPU
		{08149B02-3D77-470D-865A-E947ABAAE8C7}.Debug|Any CPU.ActiveCfg = Debug|Any CPU
		{08149B02-3D77-470D-865A-E947ABAAE8C7}.Debug|Any CPU.Build.0 = Debug|Any CPU
		{08149B02-3D77-470D-865A-E947ABAAE8C7}.Release|Any CPU.ActiveCfg = Release|Any CPU
		{08149B02-3D77-470D-865A-E947ABAAE8C7}.Release|Any CPU.Build.0 = Release|Any CPU
	EndGlobalSection
EndGlobal
